
Microsoft Visual Studio Solution File, Format Version 12.00
# Visual Studio Version 17
VisualStudioVersion = 17.13.35919.96 d17.13
MinimumVisualStudioVersion = 10.0.40219.1
Project("{FAE04EC0-301F-11D3-BF4B-00C04F79EFBC}") = "ExamenModulo2", "ExamenModulo2\ExamenModulo2.csproj", "{598EEFFA-9CAB-490F-A893-0C0D3E360810}"
EndProject
Global
	GlobalSection(SolutionConfigurationPlatforms) = preSolution
		Debug|Any CPU = Debug|Any CPU
		Release|Any CPU = Release|Any CPU
	EndGlobalSection
	GlobalSection(ProjectConfigurationPlatforms) = postSolution
		{598EEFFA-9CAB-490F-A893-0C0D3E360810}.Debug|Any CPU.ActiveCfg = Debug|Any CPU
		{598EEFFA-9CAB-490F-A893-0C0D3E360810}.Debug|Any CPU.Build.0 = Debug|Any CPU
		{598EEFFA-9CAB-490F-A893-0C0D3E360810}.Release|Any CPU.ActiveCfg = Release|Any CPU
		{598EEFFA-9CAB-490F-A893-0C0D3E360810}.Release|Any CPU.Build.0 = Release|Any CPU
	EndGlobalSection
	GlobalSection(SolutionProperties) = preSolution
		HideSolutionNode = FALSE
	EndGlobalSection
	GlobalSection(ExtensibilityGlobals) = postSolution
		SolutionGuid = {EF4267DA-2805-4262-AE37-FA07674B9A53}
	EndGlobalSection
EndGlobal
